# This file is automatically @generated by Poetry 1.8.3 and should not be changed by hand.

[[package]]
name = "cocotb"
version = "1.9.0"
description = "cocotb is a coroutine based cosimulation library for writing VHDL and Verilog testbenches in Python."
optional = false
python-versions = ">=3.6"
files = [
    {file = "cocotb-1.9.0-cp310-cp310-macosx_10_9_x86_64.whl", hash = "sha256:c11e21d291ba2f889e33c21d76e9aec6ffdfb5666053dc34452666579daa675b"},
    {file = "cocotb-1.9.0-cp310-cp310-manylinux_2_17_x86_64.manylinux2014_x86_64.whl", hash = "sha256:5832d894419a9e8fe5c242e3ac86588e16e2cb379822dcb154bfec8544ae858e"},
    {file = "cocotb-1.9.0-cp310-cp310-manylinux_2_5_i686.manylinux1_i686.manylinux_2_17_i686.manylinux2014_i686.whl", hash = "sha256:89503f0749362d36b6fab8636710f1848943c21f9d488672921bac21e9edd29f"},
    {file = "cocotb-1.9.0-cp310-cp310-win32.whl", hash = "sha256:598b841ed0809e5c64d8c383b8035f6ace5a6f9013f680cdc6981221911c005d"},
    {file = "cocotb-1.9.0-cp310-cp310-win_amd64.whl", hash = "sha256:8cb4b0edf8f0b47c3b604b461cb574fc75fd97efa893cbaf828f4f2f71cf459e"},
    {file = "cocotb-1.9.0-cp311-cp311-macosx_10_9_x86_64.whl", hash = "sha256:17556e3a23562f64d577d0eb117fe02e384aedee997b29497b5c395f5010ff82"},
    {file = "cocotb-1.9.0-cp311-cp311-manylinux_2_17_x86_64.manylinux2014_x86_64.whl", hash = "sha256:1a0381ced5590a726032ba2265c6b70ac12cfb49edb152be86a081bb7d104751"},
    {file = "cocotb-1.9.0-cp311-cp311-manylinux_2_5_i686.manylinux1_i686.manylinux_2_17_i686.manylinux2014_i686.whl", hash = "sha256:997dbca2a2cd933fd0a44d9fadeebc1e8a40701db15ea06f207811933dceb350"},
    {file = "cocotb-1.9.0-cp311-cp311-win32.whl", hash = "sha256:a7cea13cb2fe4f5ca735490846342885117778a73008a67ed9cac667aaaf3f0d"},
    {file = "cocotb-1.9.0-cp311-cp311-win_amd64.whl", hash = "sha256:87a19d3012f505ba7fda37483b851ef0ca40290ad8a9b28a820b84f8574287bb"},
    {file = "cocotb-1.9.0-cp312-cp312-macosx_10_9_x86_64.whl", hash = "sha256:0ba35617a677ff65a1273411a3dfdfc5f587128ad8cb9e941ab0eb17ec8fb3e2"},
    {file = "cocotb-1.9.0-cp312-cp312-manylinux_2_17_x86_64.manylinux2014_x86_64.whl", hash = "sha256:5a5c91027d7652aaf10e101743edd6b1e832039a19af75fca301275ef30f01d4"},
    {file = "cocotb-1.9.0-cp312-cp312-manylinux_2_5_i686.manylinux1_i686.manylinux_2_17_i686.manylinux2014_i686.whl", hash = "sha256:02a58ef6c941114964096e7c039bdd4e67e63816cfd2f6a9af6a34cd92b00e8e"},
    {file = "cocotb-1.9.0-cp312-cp312-win32.whl", hash = "sha256:c848de13583478d71cc91e528e17c051ca6a3b92e89d703ac5015f17cab1287b"},
    {file = "cocotb-1.9.0-cp312-cp312-win_amd64.whl", hash = "sha256:a84edfbfa57dc6e16845a55feb0b4e1c8b6bbfa5ef1ab6768beba8d81e0546aa"},
    {file = "cocotb-1.9.0-cp36-cp36m-macosx_10_9_x86_64.whl", hash = "sha256:94e884e16186899ad5b4d131c3f7ff0a2277e67ea0660754e8810a4bbf2d610e"},
    {file = "cocotb-1.9.0-cp36-cp36m-manylinux_2_5_i686.manylinux1_i686.whl", hash = "sha256:3058c977f9d4e1f6333d505947f34b9142910719f1d8631c40a151dd86bad727"},
    {file = "cocotb-1.9.0-cp36-cp36m-manylinux_2_5_x86_64.manylinux1_x86_64.whl", hash = "sha256:89e5189fd393918c27af2daefdcb13df4d52fa761f065d5964d2c4ff5c0642fb"},
    {file = "cocotb-1.9.0-cp36-cp36m-win32.whl", hash = "sha256:d944aa5509a0f0786d6f30554a2f8b1f229847f9ac9988879d7a05497739f668"},
    {file = "cocotb-1.9.0-cp36-cp36m-win_amd64.whl", hash = "sha256:aa6818c39ca1ce699e4bb1d84899c4f98c2d25c7671bd6c7beee3b1ee9d68834"},
    {file = "cocotb-1.9.0-cp37-cp37m-macosx_10_9_x86_64.whl", hash = "sha256:b966f5560a494fd99f95a1562f9326ca20c35bb118d4e6b50db41da8e4a6f718"},
    {file = "cocotb-1.9.0-cp37-cp37m-manylinux_2_17_x86_64.manylinux2014_x86_64.whl", hash = "sha256:2daf743320331615f4e8ffb877ab0b04e6f913b911bb11bf9dbc1d876d9c4220"},
    {file = "cocotb-1.9.0-cp37-cp37m-manylinux_2_5_i686.manylinux1_i686.manylinux_2_17_i686.manylinux2014_i686.whl", hash = "sha256:ff2ddc8b304eb7076ceead2534a1b9828df771798fa9c2601ea983c86d23ec08"},
    {file = "cocotb-1.9.0-cp37-cp37m-win32.whl", hash = "sha256:61418f619af72c8cca8de622785b4f4bfc17ace09981de6eb44feae560cf3bbb"},
    {file = "cocotb-1.9.0-cp37-cp37m-win_amd64.whl", hash = "sha256:2e9bcdbfba3e99c9297bd0d74ba781772d89d2c86e893980784ada252bd1a0f8"},
    {file = "cocotb-1.9.0-cp38-cp38-macosx_10_9_x86_64.whl", hash = "sha256:fcb81c6c37e11b0729768dd8e192a9cfb809778699ab1fe89f4d92ba0beb3092"},
    {file = "cocotb-1.9.0-cp38-cp38-manylinux_2_17_x86_64.manylinux2014_x86_64.whl", hash = "sha256:1aff68cf77059448a9a3278079037e34b50c8c2aee466d984295fa7fe699d390"},
    {file = "cocotb-1.9.0-cp38-cp38-manylinux_2_5_i686.manylinux1_i686.manylinux_2_17_i686.manylinux2014_i686.whl", hash = "sha256:bc44a7708a5a63d3059a622c2fb90831dc33534c3343e971f5a6c78905097baa"},
    {file = "cocotb-1.9.0-cp38-cp38-win32.whl", hash = "sha256:a95b5e5708a3629d319d2b655d11345cc7e97fea9bdc9bc1df7435926ac30966"},
    {file = "cocotb-1.9.0-cp38-cp38-win_amd64.whl", hash = "sha256:784c914c8df3fd79cfb148d2bcd17c4b2703c89af1278ed98773afb57ceea3e6"},
    {file = "cocotb-1.9.0-cp39-cp39-macosx_10_9_x86_64.whl", hash = "sha256:277281420fd6fc3002bb85d6bec497bd20ff3a3905d4b5f1301faf975f750ede"},
    {file = "cocotb-1.9.0-cp39-cp39-manylinux_2_17_x86_64.manylinux2014_x86_64.whl", hash = "sha256:0819794ef5e8fd14fee0b265933226cf600e85edc2f1a749b4d5f8fa2d31ce4e"},
    {file = "cocotb-1.9.0-cp39-cp39-manylinux_2_5_i686.manylinux1_i686.manylinux_2_17_i686.manylinux2014_i686.whl", hash = "sha256:f50862153e1364f6edeaef9d70505093549fa097e9b2555ea46d1e4f94ac3287"},
    {file = "cocotb-1.9.0-cp39-cp39-win32.whl", hash = "sha256:f74c598e230e1035103f6e3a97dd7a0e1bcacf7f3ea7481cd3bcde477b74e379"},
    {file = "cocotb-1.9.0-cp39-cp39-win_amd64.whl", hash = "sha256:ab99bf7e055780b57419d4133fd4dca9c72a03b766a3e2200552f10498eb8845"},
    {file = "cocotb-1.9.0.tar.gz", hash = "sha256:19b4e27b53a16e0b9c4cc5227c7f9d4dccac06e431a4f937e9f5513350196333"},
]

[package.dependencies]
find-libpython = "*"

[package.extras]
bus = ["cocotb-bus"]

[[package]]
name = "colorama"
version = "0.4.6"
description = "Cross-platform colored terminal text."
optional = false
python-versions = "!=3.0.*,!=3.1.*,!=3.2.*,!=3.3.*,!=3.4.*,!=3.5.*,!=3.6.*,>=2.7"
files = [
    {file = "colorama-0.4.6-py2.py3-none-any.whl", hash = "sha256:4f1d9991f5acc0ca119f9d443620b77f9d6b33703e51011c16baf57afb285fc6"},
    {file = "colorama-0.4.6.tar.gz", hash = "sha256:08695f5cb7ed6e0531a20572697297273c47b8cae5a63ffc6d6ed5c201be6e44"},
]

[[package]]
name = "exceptiongroup"
version = "1.2.2"
description = "Backport of PEP 654 (exception groups)"
optional = false
python-versions = ">=3.7"
files = [
    {file = "exceptiongroup-1.2.2-py3-none-any.whl", hash = "sha256:3111b9d131c238bec2f8f516e123e14ba243563fb135d3fe885990585aa7795b"},
    {file = "exceptiongroup-1.2.2.tar.gz", hash = "sha256:47c2edf7c6738fafb49fd34290706d1a1a2f4d1c6df275526b62cbb4aa5393cc"},
]

[package.extras]
test = ["pytest (>=6)"]

[[package]]
name = "find-libpython"
version = "0.4.0"
description = "Finds the libpython associated with your environment, wherever it may be hiding"
optional = false
python-versions = "*"
files = [
    {file = "find_libpython-0.4.0-py3-none-any.whl", hash = "sha256:034a4253bd57da3408aefc59aeac1650150f6c1f42e10fdd31615cf1df0842e3"},
    {file = "find_libpython-0.4.0.tar.gz", hash = "sha256:46f9cdcd397ddb563b2d7592ded3796a41c1df5222443bd9d981721c906c03e6"},
]

[[package]]
name = "iniconfig"
version = "2.0.0"
description = "brain-dead simple config-ini parsing"
optional = false
python-versions = ">=3.7"
files = [
    {file = "iniconfig-2.0.0-py3-none-any.whl", hash = "sha256:b6a85871a79d2e3b22d2d1b94ac2824226a63c6b741c88f7ae975f18b6778374"},
    {file = "iniconfig-2.0.0.tar.gz", hash = "sha256:2d91e135bf72d31a410b17c16da610a82cb55f6b0477d1a902134b24a455b8b3"},
]

[[package]]
name = "packaging"
version = "24.1"
description = "Core utilities for Python packages"
optional = false
python-versions = ">=3.8"
files = [
    {file = "packaging-24.1-py3-none-any.whl", hash = "sha256:5b8f2217dbdbd2f7f384c41c628544e6d52f2d0f53c6d0c3ea61aa5d1d7ff124"},
    {file = "packaging-24.1.tar.gz", hash = "sha256:026ed72c8ed3fcce5bf8950572258698927fd1dbda10a5e981cdf0ac37f4f002"},
]

[[package]]
name = "pluggy"
version = "1.5.0"
description = "plugin and hook calling mechanisms for python"
optional = false
python-versions = ">=3.8"
files = [
    {file = "pluggy-1.5.0-py3-none-any.whl", hash = "sha256:44e1ad92c8ca002de6377e165f3e0f1be63266ab4d554740532335b9d75ea669"},
    {file = "pluggy-1.5.0.tar.gz", hash = "sha256:2cffa88e94fdc978c4c574f15f9e59b7f4201d439195c3715ca9e2486f1d0cf1"},
]

[package.extras]
dev = ["pre-commit", "tox"]
testing = ["pytest", "pytest-benchmark"]

[[package]]
name = "pytest"
version = "8.3.1"
description = "pytest: simple powerful testing with Python"
optional = false
python-versions = ">=3.8"
files = [
    {file = "pytest-8.3.1-py3-none-any.whl", hash = "sha256:e9600ccf4f563976e2c99fa02c7624ab938296551f280835ee6516df8bc4ae8c"},
    {file = "pytest-8.3.1.tar.gz", hash = "sha256:7e8e5c5abd6e93cb1cc151f23e57adc31fcf8cfd2a3ff2da63e23f732de35db6"},
]

[package.dependencies]
colorama = {version = "*", markers = "sys_platform == \"win32\""}
exceptiongroup = {version = ">=1.0.0rc8", markers = "python_version < \"3.11\""}
iniconfig = "*"
packaging = "*"
pluggy = ">=1.5,<2"
tomli = {version = ">=1", markers = "python_version < \"3.11\""}

[package.extras]
dev = ["argcomplete", "attrs (>=19.2)", "hypothesis (>=3.56)", "mock", "pygments (>=2.7.2)", "requests", "setuptools", "xmlschema"]

[[package]]
name = "tomli"
version = "2.0.1"
description = "A lil' TOML parser"
optional = false
python-versions = ">=3.7"
files = [
    {file = "tomli-2.0.1-py3-none-any.whl", hash = "sha256:939de3e7a6161af0c887ef91b7d41a53e7c5a1ca976325f429cb46ea9bc30ecc"},
    {file = "tomli-2.0.1.tar.gz", hash = "sha256:de526c12914f0c550d15924c62d72abc48d6fe7364aa87328337a31007fe8a4f"},
]

[metadata]
lock-version = "2.0"
python-versions = "^3.10"
content-hash = "ad1abe8c8c9d77838942ad58b7af1add823e4c6fd2efdf0f659f61ec5c0b84f5"
